
Microsoft Visual Studio Solution File, Format Version 12.00
# Visual Studio Version 16
VisualStudioVersion = 16.0.30907.101
MinimumVisualStudioVersion = 10.0.40219.1
Project("{FAE04EC0-301F-11D3-BF4B-00C04F79EFBC}") = "Entities", "Entities\Entities.csproj", "{2B78B18B-DEB4-4214-9161-30A021B1F621}"
EndProject
Project("{FAE04EC0-301F-11D3-BF4B-00C04F79EFBC}") = "DataAccess", "DataAccess\DataAccess.csproj", "{6672CA8F-3494-4F5E-9EB6-A727D4B5C41F}"
EndProject
Project("{FAE04EC0-301F-11D3-BF4B-00C04F79EFBC}") = "Business", "Business\Business.csproj", "{BF30937D-EA9A-48B3-BCFD-77E12EDF4B77}"
EndProject
Project("{FAE04EC0-301F-11D3-BF4B-00C04F79EFBC}") = "Core", "Core\Core.csproj", "{AFFE9522-1CDE-4B2C-AAE5-E26932BBCB74}"
EndProject
Project("{FAE04EC0-301F-11D3-BF4B-00C04F79EFBC}") = "CarRental.ConsoleUI", "CarRental.ConsoleUI\CarRental.ConsoleUI.csproj", "{76D7F458-9B3F-45CD-90AD-CDA39B20D368}"
EndProject
Global
	GlobalSection(SolutionConfigurationPlatforms) = preSolution
		Debug|Any CPU = Debug|Any CPU
		Release|Any CPU = Release|Any CPU
	EndGlobalSection
	GlobalSection(ProjectConfigurationPlatforms) = postSolution
		{2B78B18B-DEB4-4214-9161-30A021B1F621}.Debug|Any CPU.ActiveCfg = Debug|Any CPU
		{2B78B18B-DEB4-4214-9161-30A021B1F621}.Debug|Any CPU.Build.0 = Debug|Any CPU
		{2B78B18B-DEB4-4214-9161-30A021B1F621}.Release|Any CPU.ActiveCfg = Release|Any CPU
		{2B78B18B-DEB4-4214-9161-30A021B1F621}.Release|Any CPU.Build.0 = Release|Any CPU
		{6672CA8F-3494-4F5E-9EB6-A727D4B5C41F}.Debug|Any CPU.ActiveCfg = Debug|Any CPU
		{6672CA8F-3494-4F5E-9EB6-A727D4B5C41F}.Debug|Any CPU.Build.0 = Debug|Any CPU
		{6672CA8F-3494-4F5E-9EB6-A727D4B5C41F}.Release|Any CPU.ActiveCfg = Release|Any CPU
		{6672CA8F-3494-4F5E-9EB6-A727D4B5C41F}.Release|Any CPU.Build.0 = Release|Any CPU
		{BF30937D-EA9A-48B3-BCFD-77E12EDF4B77}.Debug|Any CPU.ActiveCfg = Debug|Any CPU
		{BF30937D-EA9A-48B3-BCFD-77E12EDF4B77}.Debug|Any CPU.Build.0 = Debug|Any CPU
		{BF30937D-EA9A-48B3-BCFD-77E12EDF4B77}.Release|Any CPU.ActiveCfg = Release|Any CPU
		{BF30937D-EA9A-48B3-BCFD-77E12EDF4B77}.Release|Any CPU.Build.0 = Release|Any CPU
		{AFFE9522-1CDE-4B2C-AAE5-E26932BBCB74}.Debug|Any CPU.ActiveCfg = Debug|Any CPU
		{AFFE9522-1CDE-4B2C-AAE5-E26932BBCB74}.Debug|Any CPU.Build.0 = Debug|Any CPU
		{AFFE9522-1CDE-4B2C-AAE5-E26932BBCB74}.Release|Any CPU.ActiveCfg = Release|Any CPU
		{AFFE9522-1CDE-4B2C-AAE5-E26932BBCB74}.Release|Any CPU.Build.0 = Release|Any CPU
		{76D7F458-9B3F-45CD-90AD-CDA39B20D368}.Debug|Any CPU.ActiveCfg = Debug|Any CPU
		{76D7F458-9B3F-45CD-90AD-CDA39B20D368}.Debug|Any CPU.Build.0 = Debug|Any CPU
		{76D7F458-9B3F-45CD-90AD-CDA39B20D368}.Release|Any CPU.ActiveCfg = Release|Any CPU
		{76D7F458-9B3F-45CD-90AD-CDA39B20D368}.Release|Any CPU.Build.0 = Release|Any CPU
	EndGlobalSection
	GlobalSection(SolutionProperties) = preSolution
		HideSolutionNode = FALSE
	EndGlobalSection
	GlobalSection(ExtensibilityGlobals) = postSolution
		SolutionGuid = {FD351A45-9BFB-4F24-8A5A-7706113928A0}
	EndGlobalSection
EndGlobal
